
Microsoft Visual Studio Solution File, Format Version 12.00
# Visual Studio Version 17
VisualStudioVersion = 17.14.36915.13
MinimumVisualStudioVersion = 10.0.40219.1
Project("{2150E333-8FDC-42A3-9474-1A3956D46DE8}") = "BLL", "BLL", "{02EA681E-C7D8-13C7-8484-4AC65E1B71E8}"
EndProject
Project("{2150E333-8FDC-42A3-9474-1A3956D46DE8}") = "DAL", "DAL", "{5A56013D-D43B-40C6-AABE-E96D1F45B7B1}"
EndProject
Project("{2150E333-8FDC-42A3-9474-1A3956D46DE8}") = "PL", "PL", "{4E95732A-D2B2-48FC-9793-7B56A1CCF0F7}"
EndProject
Project("{2150E333-8FDC-42A3-9474-1A3956D46DE8}") = "Services", "Services", "{F069039B-202D-4CCA-9263-76AA0867B21B}"
EndProject
Project("{2150E333-8FDC-42A3-9474-1A3956D46DE8}") = "Data", "Data", "{E2A5D0CF-0C75-496D-A6FA-B9AA1F4DA874}"
EndProject
Project("{2150E333-8FDC-42A3-9474-1A3956D46DE8}") = "Migrations", "Migrations", "{D4CAD6EA-E739-472B-B0D4-7D5FA2240065}"
EndProject
Project("{2150E333-8FDC-42A3-9474-1A3956D46DE8}") = "Models", "Models", "{5293EB9B-F233-43E3-95F9-8C41D2EDEA8B}"
EndProject
Project("{2150E333-8FDC-42A3-9474-1A3956D46DE8}") = "Repositories", "Repositories", "{807AF1FA-4D35-45D8-89D7-89953159D8ED}"
EndProject
Project("{FAE04EC0-301F-11D3-BF4B-00C04F79EFBC}") = "DAL", "DAL\DAL.csproj", "{C92CC4C6-2DFF-4C34-A1CB-0A11599D149D}"
EndProject
Project("{FAE04EC0-301F-11D3-BF4B-00C04F79EFBC}") = "BLL", "BLL\BLL.csproj", "{FC0DABC7-0807-49EB-A22F-6F20BA664B73}"
EndProject
Project("{FAE04EC0-301F-11D3-BF4B-00C04F79EFBC}") = "MVC", "MVC\MVC.csproj", "{4626675D-94A0-4EE6-B1E4-45F039E058F3}"
EndProject
Project("{FAE04EC0-301F-11D3-BF4B-00C04F79EFBC}") = "RazorPages", "RazorPages\RazorPages.csproj", "{69D0715C-E2AD-49D0-9F79-66A338BC30FC}"
EndProject
Project("{FAE04EC0-301F-11D3-BF4B-00C04F79EFBC}") = "Blazor", "Blazor\Blazor.csproj", "{50740670-362A-4DA8-9FDD-6415E1FD9E9C}"
EndProject
Global
	GlobalSection(SolutionConfigurationPlatforms) = preSolution
		Debug|Any CPU = Debug|Any CPU
		Debug|x64 = Debug|x64
		Debug|x86 = Debug|x86
		Release|Any CPU = Release|Any CPU
		Release|x64 = Release|x64
		Release|x86 = Release|x86
	EndGlobalSection
	GlobalSection(ProjectConfigurationPlatforms) = postSolution
		{C92CC4C6-2DFF-4C34-A1CB-0A11599D149D}.Debug|Any CPU.ActiveCfg = Debug|Any CPU
		{C92CC4C6-2DFF-4C34-A1CB-0A11599D149D}.Debug|Any CPU.Build.0 = Debug|Any CPU
		{C92CC4C6-2DFF-4C34-A1CB-0A11599D149D}.Debug|x64.ActiveCfg = Debug|Any CPU
		{C92CC4C6-2DFF-4C34-A1CB-0A11599D149D}.Debug|x64.Build.0 = Debug|Any CPU
		{C92CC4C6-2DFF-4C34-A1CB-0A11599D149D}.Debug|x86.ActiveCfg = Debug|Any CPU
		{C92CC4C6-2DFF-4C34-A1CB-0A11599D149D}.Debug|x86.Build.0 = Debug|Any CPU
		{C92CC4C6-2DFF-4C34-A1CB-0A11599D149D}.Release|Any CPU.ActiveCfg = Release|Any CPU
		{C92CC4C6-2DFF-4C34-A1CB-0A11599D149D}.Release|Any CPU.Build.0 = Release|Any CPU
		{C92CC4C6-2DFF-4C34-A1CB-0A11599D149D}.Release|x64.ActiveCfg = Release|Any CPU
		{C92CC4C6-2DFF-4C34-A1CB-0A11599D149D}.Release|x64.Build.0 = Release|Any CPU
		{C92CC4C6-2DFF-4C34-A1CB-0A11599D149D}.Release|x86.ActiveCfg = Release|Any CPU
		{C92CC4C6-2DFF-4C34-A1CB-0A11599D149D}.Release|x86.Build.0 = Release|Any CPU
		{FC0DABC7-0807-49EB-A22F-6F20BA664B73}.Debug|Any CPU.ActiveCfg = Debug|Any CPU
		{FC0DABC7-0807-49EB-A22F-6F20BA664B73}.Debug|Any CPU.Build.0 = Debug|Any CPU
		{FC0DABC7-0807-49EB-A22F-6F20BA664B73}.Debug|x64.ActiveCfg = Debug|Any CPU
		{FC0DABC7-0807-49EB-A22F-6F20BA664B73}.Debug|x64.Build.0 = Debug|Any CPU
		{FC0DABC7-0807-49EB-A22F-6F20BA664B73}.Debug|x86.ActiveCfg = Debug|Any CPU
		{FC0DABC7-0807-49EB-A22F-6F20BA664B73}.Debug|x86.Build.0 = Debug|Any CPU
		{FC0DABC7-0807-49EB-A22F-6F20BA664B73}.Release|Any CPU.ActiveCfg = Release|Any CPU
		{FC0DABC7-0807-49EB-A22F-6F20BA664B73}.Release|Any CPU.Build.0 = Release|Any CPU
		{FC0DABC7-0807-49EB-A22F-6F20BA664B73}.Release|x64.ActiveCfg = Release|Any CPU
		{FC0DABC7-0807-49EB-A22F-6F20BA664B73}.Release|x64.Build.0 = Release|Any CPU
		{FC0DABC7-0807-49EB-A22F-6F20BA664B73}.Release|x86.ActiveCfg = Release|Any CPU
		{FC0DABC7-0807-49EB-A22F-6F20BA664B73}.Release|x86.Build.0 = Release|Any CPU
		{4626675D-94A0-4EE6-B1E4-45F039E058F3}.Debug|Any CPU.ActiveCfg = Debug|Any CPU
		{4626675D-94A0-4EE6-B1E4-45F039E058F3}.Debug|Any CPU.Build.0 = Debug|Any CPU
		{4626675D-94A0-4EE6-B1E4-45F039E058F3}.Debug|x64.ActiveCfg = Debug|Any CPU
		{4626675D-94A0-4EE6-B1E4-45F039E058F3}.Debug|x64.Build.0 = Debug|Any CPU
		{4626675D-94A0-4EE6-B1E4-45F039E058F3}.Debug|x86.ActiveCfg = Debug|Any CPU
		{4626675D-94A0-4EE6-B1E4-45F039E058F3}.Debug|x86.Build.0 = Debug|Any CPU
		{4626675D-94A0-4EE6-B1E4-45F039E058F3}.Release|Any CPU.ActiveCfg = Release|Any CPU
		{4626675D-94A0-4EE6-B1E4-45F039E058F3}.Release|Any CPU.Build.0 = Release|Any CPU
		{4626675D-94A0-4EE6-B1E4-45F039E058F3}.Release|x64.ActiveCfg = Release|Any CPU
		{4626675D-94A0-4EE6-B1E4-45F039E058F3}.Release|x64.Build.0 = Release|Any CPU
		{4626675D-94A0-4EE6-B1E4-45F039E058F3}.Release|x86.ActiveCfg = Release|Any CPU
		{4626675D-94A0-4EE6-B1E4-45F039E058F3}.Release|x86.Build.0 = Release|Any CPU
		{69D0715C-E2AD-49D0-9F79-66A338BC30FC}.Debug|Any CPU.ActiveCfg = Debug|Any CPU
		{69D0715C-E2AD-49D0-9F79-66A338BC30FC}.Debug|Any CPU.Build.0 = Debug|Any CPU
		{69D0715C-E2AD-49D0-9F79-66A338BC30FC}.Debug|x64.ActiveCfg = Debug|Any CPU
		{69D0715C-E2AD-49D0-9F79-66A338BC30FC}.Debug|x64.Build.0 = Debug|Any CPU
		{69D0715C-E2AD-49D0-9F79-66A338BC30FC}.Debug|x86.ActiveCfg = Debug|Any CPU
		{69D0715C-E2AD-49D0-9F79-66A338BC30FC}.Debug|x86.Build.0 = Debug|Any CPU
		{69D0715C-E2AD-49D0-9F79-66A338BC30FC}.Release|Any CPU.ActiveCfg = Release|Any CPU
		{69D0715C-E2AD-49D0-9F79-66A338BC30FC}.Release|Any CPU.Build.0 = Release|Any CPU
		{69D0715C-E2AD-49D0-9F79-66A338BC30FC}.Release|x64.ActiveCfg = Release|Any CPU
		{69D0715C-E2AD-49D0-9F79-66A338BC30FC}.Release|x64.Build.0 = Release|Any CPU
		{69D0715C-E2AD-49D0-9F79-66A338BC30FC}.Release|x86.ActiveCfg = Release|Any CPU
		{69D0715C-E2AD-49D0-9F79-66A338BC30FC}.Release|x86.Build.0 = Release|Any CPU
		{50740670-362A-4DA8-9FDD-6415E1FD9E9C}.Debug|Any CPU.ActiveCfg = Debug|Any CPU
		{50740670-362A-4DA8-9FDD-6415E1FD9E9C}.Debug|Any CPU.Build.0 = Debug|Any CPU
		{50740670-362A-4DA8-9FDD-6415E1FD9E9C}.Debug|x64.ActiveCfg = Debug|Any CPU
		{50740670-362A-4DA8-9FDD-6415E1FD9E9C}.Debug|x64.Build.0 = Debug|Any CPU
		{50740670-362A-4DA8-9FDD-6415E1FD9E9C}.Debug|x86.ActiveCfg = Debug|Any CPU
		{50740670-362A-4DA8-9FDD-6415E1FD9E9C}.Debug|x86.Build.0 = Debug|Any CPU
		{50740670-362A-4DA8-9FDD-6415E1FD9E9C}.Release|Any CPU.ActiveCfg = Release|Any CPU
		{50740670-362A-4DA8-9FDD-6415E1FD9E9C}.Release|Any CPU.Build.0 = Release|Any CPU
		{50740670-362A-4DA8-9FDD-6415E1FD9E9C}.Release|x64.ActiveCfg = Release|Any CPU
		{50740670-362A-4DA8-9FDD-6415E1FD9E9C}.Release|x64.Build.0 = Release|Any CPU
		{50740670-362A-4DA8-9FDD-6415E1FD9E9C}.Release|x86.ActiveCfg = Release|Any CPU
		{50740670-362A-4DA8-9FDD-6415E1FD9E9C}.Release|x86.Build.0 = Release|Any CPU
	EndGlobalSection
	GlobalSection(SolutionProperties) = preSolution
		HideSolutionNode = FALSE
	EndGlobalSection
	GlobalSection(NestedProjects) = preSolution
		{F069039B-202D-4CCA-9263-76AA0867B21B} = {02EA681E-C7D8-13C7-8484-4AC65E1B71E8}
		{E2A5D0CF-0C75-496D-A6FA-B9AA1F4DA874} = {5A56013D-D43B-40C6-AABE-E96D1F45B7B1}
		{D4CAD6EA-E739-472B-B0D4-7D5FA2240065} = {5A56013D-D43B-40C6-AABE-E96D1F45B7B1}
		{5293EB9B-F233-43E3-95F9-8C41D2EDEA8B} = {5A56013D-D43B-40C6-AABE-E96D1F45B7B1}
		{807AF1FA-4D35-45D8-89D7-89953159D8ED} = {5A56013D-D43B-40C6-AABE-E96D1F45B7B1}
		{C92CC4C6-2DFF-4C34-A1CB-0A11599D149D} = {5A56013D-D43B-40C6-AABE-E96D1F45B7B1}
		{FC0DABC7-0807-49EB-A22F-6F20BA664B73} = {02EA681E-C7D8-13C7-8484-4AC65E1B71E8}
		{4626675D-94A0-4EE6-B1E4-45F039E058F3} = {4E95732A-D2B2-48FC-9793-7B56A1CCF0F7}
		{69D0715C-E2AD-49D0-9F79-66A338BC30FC} = {4E95732A-D2B2-48FC-9793-7B56A1CCF0F7}
		{50740670-362A-4DA8-9FDD-6415E1FD9E9C} = {4E95732A-D2B2-48FC-9793-7B56A1CCF0F7}
	EndGlobalSection
	GlobalSection(ExtensibilityGlobals) = postSolution
		SolutionGuid = {44AFA3AB-96A2-410B-AC23-F66FDB4AB553}
	EndGlobalSection
EndGlobal
