
Microsoft Visual Studio Solution File, Format Version 12.00
# Visual Studio Version 17
VisualStudioVersion = 17.14.36915.13
MinimumVisualStudioVersion = 10.0.40219.1
Project("{FAE04EC0-301F-11D3-BF4B-00C04F79EFBC}") = "DAL", "DAL\DAL.csproj", "{C92CC4C6-2DFF-4C34-A1CB-0A11599D149D}"
EndProject
Project("{FAE04EC0-301F-11D3-BF4B-00C04F79EFBC}") = "BLL", "BLL\BLL.csproj", "{FC0DABC7-0807-49EB-A22F-6F20BA664B73}"
EndProject
Project("{FAE04EC0-301F-11D3-BF4B-00C04F79EFBC}") = "MVC", "MVC\MVC.csproj", "{4626675D-94A0-4EE6-B1E4-45F039E058F3}"
EndProject
Project("{FAE04EC0-301F-11D3-BF4B-00C04F79EFBC}") = "RazorPages", "RazorPages\RazorPages.csproj", "{69D0715C-E2AD-49D0-9F79-66A338BC30FC}"
EndProject
Project("{FAE04EC0-301F-11D3-BF4B-00C04F79EFBC}") = "Blazor", "Blazor\Blazor.csproj", "{50740670-362A-4DA8-9FDD-6415E1FD9E9C}"
EndProject
Global
	GlobalSection(SolutionConfigurationPlatforms) = preSolution
		Debug|Any CPU = Debug|Any CPU
		Debug|x64 = Debug|x64
		Debug|x86 = Debug|x86
		Release|Any CPU = Release|Any CPU
		Release|x64 = Release|x64
		Release|x86 = Release|x86
	EndGlobalSection
	GlobalSection(ProjectConfigurationPlatforms) = postSolution
		{C92CC4C6-2DFF-4C34-A1CB-0A11599D149D}.Debug|Any CPU.ActiveCfg = Debug|Any CPU
		{C92CC4C6-2DFF-4C34-A1CB-0A11599D149D}.Debug|Any CPU.Build.0 = Debug|Any CPU
		{C92CC4C6-2DFF-4C34-A1CB-0A11599D149D}.Debug|x64.ActiveCfg = Debug|Any CPU
		{C92CC4C6-2DFF-4C34-A1CB-0A11599D149D}.Debug|x64.Build.0 = Debug|Any CPU
		{C92CC4C6-2DFF-4C34-A1CB-0A11599D149D}.Debug|x86.ActiveCfg = Debug|Any CPU
		{C92CC4C6-2DFF-4C34-A1CB-0A11599D149D}.Debug|x86.Build.0 = Debug|Any CPU
		{C92CC4C6-2DFF-4C34-A1CB-0A11599D149D}.Release|Any CPU.ActiveCfg = Release|Any CPU
		{C92CC4C6-2DFF-4C34-A1CB-0A11599D149D}.Release|Any CPU.Build.0 = Release|Any CPU
		{C92CC4C6-2DFF-4C34-A1CB-0A11599D149D}.Release|x64.ActiveCfg = Release|Any CPU
		{C92CC4C6-2DFF-4C34-A1CB-0A11599D149D}.Release|x64.Build.0 = Release|Any CPU
		{C92CC4C6-2DFF-4C34-A1CB-0A11599D149D}.Release|x86.ActiveCfg = Release|Any CPU
		{C92CC4C6-2DFF-4C34-A1CB-0A11599D149D}.Release|x86.Build.0 = Release|Any CPU
		{FC0DABC7-0807-49EB-A22F-6F20BA664B73}.Debug|Any CPU.ActiveCfg = Debug|Any CPU
		{FC0DABC7-0807-49EB-A22F-6F20BA664B73}.Debug|Any CPU.Build.0 = Debug|Any CPU
		{FC0DABC7-0807-49EB-A22F-6F20BA664B73}.Debug|x64.ActiveCfg = Debug|Any CPU
		{FC0DABC7-0807-49EB-A22F-6F20BA664B73}.Debug|x64.Build.0 = Debug|Any CPU
		{FC0DABC7-0807-49EB-A22F-6F20BA664B73}.Debug|x86.ActiveCfg = Debug|Any CPU
		{FC0DABC7-0807-49EB-A22F-6F20BA664B73}.Debug|x86.Build.0 = Debug|Any CPU
		{FC0DABC7-0807-49EB-A22F-6F20BA664B73}.Release|Any CPU.ActiveCfg = Release|Any CPU
		{FC0DABC7-0807-49EB-A22F-6F20BA664B73}.Release|Any CPU.Build.0 = Release|Any CPU
		{FC0DABC7-0807-49EB-A22F-6F20BA664B73}.Release|x64.ActiveCfg = Release|Any CPU
		{FC0DABC7-0807-49EB-A22F-6F20BA664B73}.Release|x64.Build.0 = Release|Any CPU
		{FC0DABC7-0807-49EB-A22F-6F20BA664B73}.Release|x86.ActiveCfg = Release|Any CPU
		{FC0DABC7-0807-49EB-A22F-6F20BA664B73}.Release|x86.Build.0 = Release|Any CPU
		{4626675D-94A0-4EE6-B1E4-45F039E058F3}.Debug|Any CPU.ActiveCfg = Debug|Any CPU
		{4626675D-94A0-4EE6-B1E4-45F039E058F3}.Debug|Any CPU.Build.0 = Debug|Any CPU
		{4626675D-94A0-4EE6-B1E4-45F039E058F3}.Debug|x64.ActiveCfg = Debug|Any CPU
		{4626675D-94A0-4EE6-B1E4-45F039E058F3}.Debug|x64.Build.0 = Debug|Any CPU
		{4626675D-94A0-4EE6-B1E4-45F039E058F3}.Debug|x86.ActiveCfg = Debug|Any CPU
		{4626675D-94A0-4EE6-B1E4-45F039E058F3}.Debug|x86.Build.0 = Debug|Any CPU
		{4626675D-94A0-4EE6-B1E4-45F039E058F3}.Release|Any CPU.ActiveCfg = Release|Any CPU
		{4626675D-94A0-4EE6-B1E4-45F039E058F3}.Release|Any CPU.Build.0 = Release|Any CPU
		{4626675D-94A0-4EE6-B1E4-45F039E058F3}.Release|x64.ActiveCfg = Release|Any CPU
		{4626675D-94A0-4EE6-B1E4-45F039E058F3}.Release|x64.Build.0 = Release|Any CPU
		{4626675D-94A0-4EE6-B1E4-45F039E058F3}.Release|x86.ActiveCfg = Release|Any CPU
		{4626675D-94A0-4EE6-B1E4-45F039E058F3}.Release|x86.Build.0 = Release|Any CPU
		{69D0715C-E2AD-49D0-9F79-66A338BC30FC}.Debug|Any CPU.ActiveCfg = Debug|Any CPU
		{69D0715C-E2AD-49D0-9F79-66A338BC30FC}.Debug|Any CPU.Build.0 = Debug|Any CPU
		{69D0715C-E2AD-49D0-9F79-66A338BC30FC}.Debug|x64.ActiveCfg = Debug|Any CPU
		{69D0715C-E2AD-49D0-9F79-66A338BC30FC}.Debug|x64.Build.0 = Debug|Any CPU
		{69D0715C-E2AD-49D0-9F79-66A338BC30FC}.Debug|x86.ActiveCfg = Debug|Any CPU
		{69D0715C-E2AD-49D0-9F79-66A338BC30FC}.Debug|x86.Build.0 = Debug|Any CPU
		{69D0715C-E2AD-49D0-9F79-66A338BC30FC}.Release|Any CPU.ActiveCfg = Release|Any CPU
		{69D0715C-E2AD-49D0-9F79-66A338BC30FC}.Release|Any CPU.Build.0 = Release|Any CPU
		{69D0715C-E2AD-49D0-9F79-66A338BC30FC}.Release|x64.ActiveCfg = Release|Any CPU
		{69D0715C-E2AD-49D0-9F79-66A338BC30FC}.Release|x64.Build.0 = Release|Any CPU
		{69D0715C-E2AD-49D0-9F79-66A338BC30FC}.Release|x86.ActiveCfg = Release|Any CPU
		{69D0715C-E2AD-49D0-9F79-66A338BC30FC}.Release|x86.Build.0 = Release|Any CPU
		{50740670-362A-4DA8-9FDD-6415E1FD9E9C}.Debug|Any CPU.ActiveCfg = Debug|Any CPU
		{50740670-362A-4DA8-9FDD-6415E1FD9E9C}.Debug|Any CPU.Build.0 = Debug|Any CPU
		{50740670-362A-4DA8-9FDD-6415E1FD9E9C}.Debug|x64.ActiveCfg = Debug|Any CPU
		{50740670-362A-4DA8-9FDD-6415E1FD9E9C}.Debug|x64.Build.0 = Debug|Any CPU
		{50740670-362A-4DA8-9FDD-6415E1FD9E9C}.Debug|x86.ActiveCfg = Debug|Any CPU
		{50740670-362A-4DA8-9FDD-6415E1FD9E9C}.Debug|x86.Build.0 = Debug|Any CPU
		{50740670-362A-4DA8-9FDD-6415E1FD9E9C}.Release|Any CPU.ActiveCfg = Release|Any CPU
		{50740670-362A-4DA8-9FDD-6415E1FD9E9C}.Release|Any CPU.Build.0 = Release|Any CPU
		{50740670-362A-4DA8-9FDD-6415E1FD9E9C}.Release|x64.ActiveCfg = Release|Any CPU
		{50740670-362A-4DA8-9FDD-6415E1FD9E9C}.Release|x64.Build.0 = Release|Any CPU
		{50740670-362A-4DA8-9FDD-6415E1FD9E9C}.Release|x86.ActiveCfg = Release|Any CPU
		{50740670-362A-4DA8-9FDD-6415E1FD9E9C}.Release|x86.Build.0 = Release|Any CPU	EndGlobalSection
	GlobalSection(SolutionProperties) = preSolution
		HideSolutionNode = FALSE
	EndGlobalSection
	GlobalSection(ExtensibilityGlobals) = postSolution
		SolutionGuid = {44AFA3AB-96A2-410B-AC23-F66FDB4AB553}
	EndGlobalSection
EndGlobal
